github.com/aws/aws-sdk-go-v2 v1.16.12 h1:wbMYa2PlFysFx2GLIQojr6FJV5+OWCM/BwyHXARxETA=
github.com/aws/aws-sdk-go-v2 v1.16.12/go.mod h1:C+Ym0ag2LIghJbXhfXZ0YEEp49rBWowxKzJLUoob0ts=
github.com/aws/aws-sdk-go-v2/credentials v1.12.16 h1:HXczS88Pg36j8dq0KSjtHBPFs8gdRyBSS1hueeG/rxA=
github.com/aws/aws-sdk-go-v2/credentials v1.12.16/go.mod h1:eLJ+j1lwQdHJ0c56tRoDWcgss1e/laVmvW2AaOicuAw=
github.com/aws/aws-sdk-go-v2/feature/ec2/imds v1.12.13/go.mod h1:y0eXmsNBFIVjUE8ZBjES8myOHlMsXDz7qGT93+MVdjk=
github.com/aws/aws-sdk-go-v2/internal/configsources v1.1.19 h1:gC5mudiFrWGhzcdoWj1iCGUfrzCpQG0MQIQf0CXFFQQ=
github.com/aws/aws-sdk-go-v2/internal/configsources v1.1.19/go.mod h1:llxE6bwUZhuCas0K7qGiu5OgMis3N7kdWtFSxoHmJ7E=
github.com/aws/aws-sdk-go-v2/internal/endpoints/v2 v2.4.13 h1:qezY57na06d6kSE7uuB0N7XEflu914AXx/hg2L8Ykcw=
github.com/aws/aws-sdk-go-v2/internal/endpoints/v2 v2.4.13/go.mod h1:lB12mkZqCSo5PsdBFLNqc2M/OOYgNAy8UtaktyuWvE8=
github.com/aws/aws-sdk-go-v2/service/ec2 v1.54.1 h1:WXGddQBKthNF5vwDp1qH/AVqzzz5xwdzSNtDdOhbYNA=
github.com/aws/aws-sdk-go-v2/service/ec2 v1.54.1/go.mod h1:d1gxyomADOqOm0m9lGsr1m61ubU7lUyWhxkEeJBgPF4=
github.com/aws/aws-sdk-go-v2/service/elasticloadbalancing v1.14.14 h1:HIR5McAR7Tktcj5WDIK67l4hX3Cjc2+/JAdh7TUv9HM=
github.com/aws/aws-sdk-go-v2/service/elasticloadbalancing v1.14.14/go.mod h1:5xLBSQKKFqPohFCrpzACRtnkVG/Fz54K6w+UbkjZOcg=
github.com/aws/aws-sdk-go-v2/service/elasticloadbalancingv2 v1.18.15 h1:orbu6LDvDqfJs9lIvBX42xon4mZQr8KypBqsZbVjHSM=
github.com/aws/aws-sdk-go-v2/service/elasticloadbalancingv2 v1.18.15/go.mod h1:o+hhEAlqnFQNC/qE0kJfo/mprCNkb4g2OAX5KNd9N5Q=
github.com/aws/aws-sdk-go-v2/service/internal/presigned-url v1.9.13 h1:ObfthqDyhe7rMAOa7pqft6974VHIk8BAJB7kYdoIfTA=
github.com/aws/aws-sdk-go-v2/service/internal/presigned-url v1.9.13/go.mod h1:V390DK4MQxLpDdXxFqizyz8KUxuWImkW/xzgXMz0yyk=
github.com/aws/aws-sdk-go-v2/service/sso v1.11.19/go.mod h1:ytmEi5+qwcSNcV2pVA8PIb1DnKT/0Bu/K4nfJHwoM6c=
github.com/aws/aws-sdk-go-v2/service/ssooidc v1.13.1/go.mod h1:NY+G+8PW0ISyJ7/6t5mgOe6qpJiwZa9Jix05WPscJjg=
github.com/aws/aws-sdk-go-v2/service/sts v1.16.15/go.mod h1:Y+BUV19q3OmQVqNUlbZ40zVi3NM6Biuxwkx/qdSD/CY=
github.com/aws/smithy-go v1.13.0 h1:YfyEmSJLo7fAv8FbuDK4R8F9aAmi9DZ88Zb/KJJmUl0=
github.com/aws/smithy-go v1.13.0/go.mod h1:Tg+OJXh4MB2R/uN61Ko2f6hTZwB/ZYGOtib8J3gBHzA=
github.com/davecgh/go-spew v1.1.0/go.mod h1:J7Y8YcW2NihsgmVo/mv3lAwl/skON4iLHjSsI+c5H38=
github.com/davecgh/go-spew v1.1.1 h1:vj9j/u1bqnvCEfJOwUhtlOARqs3+rkHYY13jYWTU97c=
github.com/digitalocean/godo v1.83.0 h1:K9CveJyECNLwrQnGZG+ovgapr7l5OuvQ6xZSKKW9Nz0=
github.com/digitalocean/godo v1.83.0/go.mod h1:BPCqvwbjbGqxuUnIKB4EvS/AX7IDnNmt5fwvIkWo+ew=
github.com/golang/protobuf v1.3.1/go.mod h1:6lQm79b+lXiMfvg/cZm0SGofjICqVBUtrP5yJMmIC1U=
github.com/golang/protobuf v1.5.0/go.mod h1:FsONVRAS9T7sI+LIUmWTfcYkHO4aIWwzhcaSAoJOfIk=
github.com/golang/protobuf v1.5.2 h1:ROPKBNFfQgOUMifHyP+KYbvpjbdoFNs+aK7DXlji0Tw=
github.com/golang/protobuf v1.5.2/go.mod h1:XVQd3VNwM+JqD3oG2Ue2ip4fOMUkwXdXDdiuN0vRsmY=
github.com/google/go-cmp v0.5.2/go.mod h1:v8dTdLbMG2kIc/vJvl+f65V22dbkXbowE6jgT/gNBxE=
github.com/google/go-cmp v0.5.5/go.mod h1:v8dTdLbMG2kIc/vJvl+f65V22dbkXbowE6jgT/gNBxE=
github.com/google/go-cmp v0.5.8 h1:e6P7q2lk1O+qJJb4BtCQXlK8vWEO8V1ZeuEdJNOqZyg=
github.com/google/go-cmp v0.5.8/go.mod h1:17dUlkBOakJ0+DkrSSNjCkIjxS6bF9zb3elmeNGIjoY=
github.com/google/go-querystring v1.1.0 h1:AnCroh3fv4ZBgVIf1Iwtovgjaw/GiKJo8M8yD/fhyJ8=
github.com/google/go-querystring v1.1.0/go.mod h1:Kcdr2DB4koayq7X8pmAG4sNG59So17icRSOU623lUBU=
github.com/jmespath/go-jmespath v0.4.0 h1:BEgLn5cpjn8UN1mAw4NjwDrS35OdebyEtFe+9YPoQUg=
github.com/jmespath/go-jmespath v0.4.0/go.mod h1:T8mJZnbsbmF+m6zOOFylbeCJqk5+pHWvzYPziyZiYoo=
github.com/jmespath/go-jmespath/internal/testify v1.5.1 h1:shLQSRRSCCPj3f2gpwzGwWFoC7ycTf1rcQZHOlsJ6N8=
github.com/jmespath/go-jmespath/internal/testify v1.5.1/go.mod h1:L3OGu8Wl2/fWfCI6z80xFu9LTZmf1ZRjMHUOPmWr69U=
github.com/pmezard/go-difflib v1.0.0 h1:4DBwDE0NGyQoBHbLQYPwSUPoCMWR5BEzIk/f1lZbAQM=
github.com/pmezard/go-difflib v1.0.0/go.mod h1:iKH77koFhYxTK1pcRnkKkqfTogsbg7gZNVY4sRDYZ/4=
github.com/stretchr/objx v0.1.0/go.mod h1:HFkY916IF+rwdDfMAkV7OtwuqBVzrE8GR6GFx+wExME=
github.com/stretchr/testify v1.4.0 h1:2E4SXV/wtOkTonXsotYi4li6zVWxYlZuYNCXe9XRJyk=
golang.org/x/crypto v0.0.0-20190308221718-c2843e01d9a2/go.mod h1:djNgcEr1/C05ACkg1iLfiJU5Ep61QUkGW8qpdssI0+w=
golang.org/x/net v0.0.0-20190603091049-60506f45cf65/go.mod h1:HSz+uSET+XFnRR8LxR5pz3Of3rY3CfYBVs4xY44aLks=
golang.org/x/net v0.0.0-20220826154423-83b083e8dc8b h1:ZmngSVLe/wycRns9MKikG9OWIEjGcGAkacif7oYQaUY=
golang.org/x/net v0.0.0-20220826154423-83b083e8dc8b/go.mod h1:YDH+HFinaLZZlnHAfSS6ZXJJ9M9t4Dl22yv3iI2vPwk=
golang.org/x/oauth2 v0.0.0-20220822191816-0ebed06d0094 h1:2o1E+E8TpNLklK9nHiPiK1uzIYrIHt+cQx3ynCwq9V8=
golang.org/x/oauth2 v0.0.0-20220822191816-0ebed06d0094/go.mod h1:h4gKUeWbJ4rQPri7E0u6Gs4e9Ri2zaLxzw5DI5XGrYg=
golang.org/x/sys v0.0.0-20190215142949-d0b11bdaac8a/go.mod h1:STP8DvDyc/dI5b8T5hshtkjS+E42TnysNCUPdjciGhY=
golang.org/x/text v0.3.0/go.mod h1:NqM8EUOU14njkJ3fqMW+pc6Ldnwhi/IjpwHt7yyuwOQ=
golang.org/x/text v0.3.2/go.mod h1:bEr9sfX3Q8Zfm5fL9x+3itogRgK3+ptLWKqgva+5dAk=
golang.org/x/tools v0.0.0-20180917221912-90fa682c2a6e/go.mod h1:n7NCudcB/nEzxVGmLbDWY5pfWTLqBcC2KZ6jyYvM4mQ=
golang.org/x/xerrors v0.0.0-20191204190536-9bdfabe68543/go.mod h1:I/5z698sn9Ka8TeJc9MKroUUfqBBauWjQqLJ2OPfmY0=
google.golang.org/appengine v1.6.7 h1:FZR1q0exgwxzPzp/aF+VccGrSfxfPpkBqjIIEq3ru6c=
google.golang.org/appengine v1.6.7/go.mod h1:8WjMMxjGQR8xUklV/ARdw2HLXBOI7O7uCIDZVag1xfc=
google.golang.org/protobuf v1.26.0-rc.1/go.mod h1:jlhhOSvTdKEhbULTjvd4ARK9grFBp09yW+WbY/TyQbw=
google.golang.org/protobuf v1.26.0/go.mod h1:9q0QmTI4eRPtz6boOQmLYwt+qCgq0jsYwAQnmE0givc=
google.golang.org/protobuf v1.28.1 h1:d0NfwRgPtno5B1Wa6L2DAG+KivqkdutMf1UhdNx175w=
google.golang.org/protobuf v1.28.1/go.mod h1:HV8QOd/L58Z+nl8r43ehVNZIU/HEI6OcFqwMG9pJV4I=
gopkg.in/check.v1 v0.0.0-20161208181325-20d25e280405/go.mod h1:Co6ibVJAznAaIkqp8huTwlJQCZ016jof/cbN4VW5Yz0=
gopkg.in/yaml.v2 v2.2.8 h1:obN1ZagJSUGI0Ek/LBmuj4SNLPfIny3KsKFopxRdj10=
gopkg.in/yaml.v2 v2.2.8/go.mod h1:hI93XBmqTisBFMUTm0b8Fm+jr3Dg1NNxqwp+5A1VGuI=
